<?xml version="1.0" encoding="UTF-8"?>
<CONFIG>
  <ProjectOptions>
    <Version Value="9"/>
    <General>
      <MainUnit Value="0"/>
      <Title Value="SimThyr"/>
      <UseXPManifest Value="True"/>
      <Icon Value="0"/>
      <ActiveWindowIndexAtStart Value="0"/>
    </General>
    <VersionInfo>
      <UseVersionInfo Value="True"/>
      <AutoIncrementBuild Value="True"/>
      <MajorVersionNr Value="4"/>
      <BuildNr Value="538"/>
      <StringTable Comments="SimThyr, a simulator of thyrotropic feedback control" CompanyName="SPINA Consortium" FileDescription="SimThyr" InternalName="SimThyr 4.0.0 Merlion" LegalCopyright="1994-2015 J. W. Dietrich" LegalTrademarks="SimThyr, Bergmannsheil, RUB" OriginalFilename="SimThyr" ProductName="SimThyr" ProductVersion="SimThyr 4.0.0"/>
    </VersionInfo>
    <BuildModes Count="1">
      <Item1 Name="default" Default="True"/>
    </BuildModes>
    <PublishOptions>
      <Version Value="2"/>
      <IgnoreBinaries Value="False"/>
      <IncludeFileFilter Value="*.(pas|pp|inc|lfm|lpr|lrs|lpi|lpk|sh|xml)"/>
      <ExcludeFileFilter Value="*.(bak|ppu|ppw|o|so);*~;backup"/>
    </PublishOptions>
    <RunParams>
      <local>
        <FormatVersion Value="1"/>
        <LaunchingApplication PathPlusParams="/usr/X11R6/bin/xterm -T 'Lazarus Run Output' -e $(LazarusDir)/tools/runwait.sh $(TargetCmdLine)"/>
      </local>
    </RunParams>
    <RequiredPackages Count="3">
      <Item1>
        <PackageName Value="fpvectorialpkg"/>
      </Item1>
      <Item2>
        <PackageName Value="TAChartLazarusPkg"/>
        <MinVersion Major="1" Valid="True"/>
      </Item2>
      <Item3>
        <PackageName Value="LCL"/>
      </Item3>
    </RequiredPackages>
    <Units Count="159">
      <Unit0>
        <Filename Value="SimThyr.lpr"/>
        <IsPartOfProject Value="True"/>
        <UnitName Value="SimThyr"/>
        <EditorIndex Value="27"/>
        <WindowIndex Value="0"/>
        <TopLine Value="1"/>
        <CursorPos X="101" Y="10"/>
        <UsageCount Value="200"/>
        <Loaded Value="True"/>
      </Unit0>
      <Unit1>
        <Filename Value="simthyrmain.pas"/>
        <IsPartOfProject Value="True"/>
        <ComponentName Value="SimThyrToolbar"/>
        <HasResources Value="True"/>
        <ResourceBaseClass Value="Form"/>
        <UnitName Value="SimThyrMain"/>
        <EditorIndex Value="26"/>
        <WindowIndex Value="0"/>
        <TopLine Value="1"/>
        <CursorPos X="1" Y="2"/>
        <UsageCount Value="200"/>
        <Loaded Value="True"/>
        <LoadedDesigner Value="True"/>
      </Unit1>
      <Unit2>
        <Filename Value="plotwindow.pas"/>
        <ComponentName Value="PlotWin"/>
        <ResourceBaseClass Value="Form"/>
        <UnitName Value="PlotWindow"/>
        <TopLine Value="1"/>
        <CursorPos X="50" Y="19"/>
        <UsageCount Value="18"/>
      </Unit2>
      <Unit3>
        <Filename Value="plot.pas"/>
        <ComponentName Value="PlotWindow"/>
        <ResourceBaseClass Value="Form"/>
        <UnitName Value="SimThyrPlot"/>
        <TopLine Value="1"/>
        <CursorPos X="63" Y="15"/>
        <UsageCount Value="18"/>
      </Unit3>
      <Unit4>
        <Filename Value="prediction.pas"/>
        <ComponentName Value="PredictionWindow"/>
        <ResourceBaseClass Value="Form"/>
        <UnitName Value="SimthyrPrediction"/>
        <TopLine Value="1"/>
        <CursorPos X="31" Y="8"/>
        <UsageCount Value="18"/>
      </Unit4>
      <Unit5>
        <Filename Value="simthyrplot.pas"/>
        <IsPartOfProject Value="True"/>
        <ComponentName Value="ValuesPlot"/>
        <HasResources Value="True"/>
        <ResourceBaseClass Value="Form"/>
        <UnitName Value="SimThyrPlot"/>
        <EditorIndex Value="11"/>
        <WindowIndex Value="0"/>
        <TopLine Value="1"/>
        <CursorPos X="1" Y="2"/>
        <UsageCount Value="200"/>
        <Loaded Value="True"/>
        <LoadedDesigner Value="True"/>
      </Unit5>
      <Unit6>
        <Filename Value="simthyrprediction.pas"/>
        <IsPartOfProject Value="True"/>
        <ComponentName Value="Prediction"/>
        <HasResources Value="True"/>
        <ResourceBaseClass Value="Form"/>
        <UnitName Value="SimThyrPrediction"/>
        <EditorIndex Value="16"/>
        <WindowIndex Value="0"/>
        <TopLine Value="147"/>
        <CursorPos X="113" Y="166"/>
        <UsageCount Value="195"/>
        <Loaded Value="True"/>
        <LoadedDesigner Value="True"/>
      </Unit6>
      <Unit7>
        <Filename Value="launchdialog.pas"/>
        <IsPartOfProject Value="True"/>
        <ComponentName Value="SimulationSettings"/>
        <HasResources Value="True"/>
        <ResourceBaseClass Value="Form"/>
        <UnitName Value="LaunchDialog"/>
        <EditorIndex Value="13"/>
        <WindowIndex Value="0"/>
        <TopLine Value="1"/>
        <CursorPos X="5" Y="2"/>
        <UsageCount Value="200"/>
        <Loaded Value="True"/>
        <LoadedDesigner Value="True"/>
      </Unit7>
      <Unit8>
        <Filename Value="/Developer/lazarus/lcl/include/customform.inc"/>
        <WindowIndex Value="0"/>
        <TopLine Value="2169"/>
        <CursorPos X="3" Y="2175"/>
        <UsageCount Value="10"/>
      </Unit8>
      <Unit9>
        <Filename Value="/Developer/lazarus/lcl/include/control.inc"/>
        <WindowIndex Value="0"/>
        <TopLine Value="2700"/>
        <CursorPos X="1" Y="2718"/>
        <UsageCount Value="10"/>
      </Unit9>
      <Unit10>
        <Filename Value="/lazarus/components/tachart/tachartaxis.pas"/>
        <UnitName Value="TAChartAxis"/>
        <WindowIndex Value="0"/>
        <TopLine Value="553"/>
        <CursorPos X="1" Y="572"/>
        <UsageCount Value="9"/>
      </Unit10>
      <Unit11>
        <Filename Value="/lazarus/lcl/alllclunits.pp"/>
        <UnitName Value="AllLCLUnits"/>
        <WindowIndex Value="0"/>
        <TopLine Value="11"/>
        <CursorPos X="6" Y="30"/>
        <UsageCount Value="8"/>
      </Unit11>
      <Unit12>
        <Filename Value="/lazarus/ide/todolist.pas"/>
        <UnitName Value="TodoList"/>
        <WindowIndex Value="0"/>
        <TopLine Value="296"/>
        <CursorPos X="30" Y="315"/>
        <UsageCount Value="8"/>
      </Unit12>
      <Unit13>
        <Filename Value="simthyrlog.pas"/>
        <IsPartOfProject Value="True"/>
        <ComponentName Value="SimThyrLogWindow"/>
        <HasResources Value="True"/>
        <ResourceBaseClass Value="Form"/>
        <UnitName Value="SimThyrLog"/>
        <EditorIndex Value="7"/>
        <WindowIndex Value="0"/>
        <TopLine Value="4"/>
        <CursorPos X="1" Y="2"/>
        <UsageCount Value="200"/>
        <Loaded Value="True"/>
        <LoadedDesigner Value="True"/>
      </Unit13>
      <Unit14>
        <Filename Value="simthyrlogwindow.pas"/>
        <HasResources Value="True"/>
        <UnitName Value="simthyrlogwindow"/>
        <WindowIndex Value="0"/>
        <TopLine Value="1"/>
        <CursorPos X="1" Y="1"/>
        <UsageCount Value="18"/>
      </Unit14>
      <Unit15>
        <Filename Value="/lazarus/lcl/include/control.inc"/>
        <WindowIndex Value="0"/>
        <TopLine Value="2270"/>
        <CursorPos X="1" Y="2289"/>
        <UsageCount Value="10"/>
      </Unit15>
      <Unit16>
        <Filename Value="simthyrtypes.pas"/>
        <IsPartOfProject Value="True"/>
        <UnitName Value="SimThyrTypes"/>
        <EditorIndex Value="1"/>
        <WindowIndex Value="0"/>
        <TopLine Value="1"/>
        <CursorPos X="2" Y="2"/>
        <UsageCount Value="200"/>
        <Loaded Value="True"/>
      </Unit16>
      <Unit17>
        <Filename Value="simthyrservices.pas"/>
        <IsPartOfProject Value="True"/>
        <UnitName Value="SimThyrServices"/>
        <EditorIndex Value="5"/>
        <WindowIndex Value="0"/>
        <TopLine Value="1"/>
        <CursorPos X="1" Y="2"/>
        <UsageCount Value="200"/>
        <Loaded Value="True"/>
      </Unit17>
      <Unit18>
        <Filename Value="/usr/local/share/fpcsrc/rtl/objpas/classes/classesh.inc"/>
        <WindowIndex Value="0"/>
        <TopLine Value="1958"/>
        <CursorPos X="10" Y="1976"/>
        <UsageCount Value="10"/>
      </Unit18>
      <Unit19>
        <Filename Value="/usr/local/share/fpcsrc/rtl/objpas/types.pp"/>
        <UnitName Value="types"/>
        <WindowIndex Value="0"/>
        <TopLine Value="60"/>
        <CursorPos X="3" Y="70"/>
        <UsageCount Value="8"/>
      </Unit19>
      <Unit20>
        <Filename Value="showips.pas"/>
        <IsPartOfProject Value="True"/>
        <ComponentName Value="IPSForm"/>
        <HasResources Value="True"/>
        <ResourceBaseClass Value="Form"/>
        <UnitName Value="ShowIPS"/>
        <EditorIndex Value="12"/>
        <WindowIndex Value="0"/>
        <TopLine Value="1"/>
        <CursorPos X="6" Y="2"/>
        <UsageCount Value="201"/>
        <Loaded Value="True"/>
        <LoadedDesigner Value="True"/>
      </Unit20>
      <Unit21>
        <Filename Value="simulator.pas"/>
        <IsPartOfProject Value="True"/>
        <UnitName Value="Simulator"/>
        <EditorIndex Value="14"/>
        <WindowIndex Value="0"/>
        <TopLine Value="1"/>
        <CursorPos X="63" Y="217"/>
        <ExtraEditorCount Value="1"/>
        <ExtraEditor1>
          <TopLine Value="278"/>
          <CursorPos X="84" Y="318"/>
        </ExtraEditor1>
        <UsageCount Value="200"/>
        <Loaded Value="True"/>
      </Unit21>
      <Unit22>
        <Filename Value="/usr/local/share/fpcsrc/packages/univint/src/Lists.pas"/>
        <UnitName Value="Lists"/>
        <WindowIndex Value="0"/>
        <TopLine Value="186"/>
        <CursorPos X="21" Y="196"/>
        <UsageCount Value="8"/>
      </Unit22>
      <Unit23>
        <Filename Value="/usr/local/share/fpcsrc/packages/univint/src/MacTypes.pas"/>
        <UnitName Value="MacTypes"/>
        <WindowIndex Value="0"/>
        <TopLine Value="688"/>
        <CursorPos X="9" Y="698"/>
        <UsageCount Value="8"/>
      </Unit23>
      <Unit24>
        <Filename Value="/Developer/lazarus/lcl/grids.pas"/>
        <UnitName Value="Grids"/>
        <WindowIndex Value="0"/>
        <TopLine Value="8658"/>
        <CursorPos X="1" Y="8675"/>
        <UsageCount Value="10"/>
      </Unit24>
      <Unit25>
        <Filename Value="/Developer/lazarus/lcl/include/menuitem.inc"/>
        <WindowIndex Value="0"/>
        <TopLine Value="67"/>
        <CursorPos X="1" Y="85"/>
        <UsageCount Value="10"/>
      </Unit25>
      <Unit26>
        <Filename Value="/Developer/lazarus/lcl/include/menu.inc"/>
        <WindowIndex Value="0"/>
        <TopLine Value="257"/>
        <CursorPos X="1" Y="273"/>
        <UsageCount Value="10"/>
      </Unit26>
      <Unit27>
        <Filename Value="/Developer/lazarus/lcl/forms.pp"/>
        <UnitName Value="Forms"/>
        <WindowIndex Value="0"/>
        <TopLine Value="573"/>
        <CursorPos X="19" Y="592"/>
        <UsageCount Value="10"/>
      </Unit27>
      <Unit28>
        <Filename Value="/Developer/lazarus/lcl/include/buttoncontrol.inc"/>
        <WindowIndex Value="0"/>
        <TopLine Value="10"/>
        <CursorPos X="1" Y="27"/>
        <UsageCount Value="10"/>
      </Unit28>
      <Unit29>
        <Filename Value="/Developer/lazarus/lcl/include/statuspanels.inc"/>
        <WindowIndex Value="0"/>
        <TopLine Value="3"/>
        <CursorPos X="1" Y="34"/>
        <UsageCount Value="8"/>
      </Unit29>
      <Unit30>
        <Filename Value="/Developer/lazarus/lcl/include/toolbutton.inc"/>
        <WindowIndex Value="0"/>
        <TopLine Value="120"/>
        <CursorPos X="1" Y="139"/>
        <UsageCount Value="8"/>
      </Unit30>
      <Unit31>
        <Filename Value="/Developer/lazarus/lcl/interfaces/carbon/carboncanvas.pp"/>
        <UnitName Value="CarbonCanvas"/>
        <WindowIndex Value="0"/>
        <TopLine Value="1572"/>
        <CursorPos X="1" Y="1591"/>
        <UsageCount Value="10"/>
      </Unit31>
      <Unit32>
        <Filename Value="/Developer/lazarus/lcl/interfaces/carbon/carbonprivate.pp"/>
        <UnitName Value="CarbonPrivate"/>
        <WindowIndex Value="0"/>
        <TopLine Value="1337"/>
        <CursorPos X="1" Y="1365"/>
        <UsageCount Value="10"/>
      </Unit32>
      <Unit33>
        <Filename Value="aboutdialog.pas"/>
        <IsPartOfProject Value="True"/>
        <ComponentName Value="AboutWindow"/>
        <HasResources Value="True"/>
        <ResourceBaseClass Value="Form"/>
        <UnitName Value="AboutDialog"/>
        <EditorIndex Value="24"/>
        <WindowIndex Value="0"/>
        <TopLine Value="1"/>
        <CursorPos X="46" Y="10"/>
        <UsageCount Value="200"/>
        <Loaded Value="True"/>
        <LoadedDesigner Value="True"/>
      </Unit33>
      <Unit34>
        <Filename Value="splash.pas"/>
        <IsPartOfProject Value="True"/>
        <ComponentName Value="SplashScreen"/>
        <HasResources Value="True"/>
        <ResourceBaseClass Value="Form"/>
        <UnitName Value="Splash"/>
        <EditorIndex Value="22"/>
        <WindowIndex Value="0"/>
        <TopLine Value="1"/>
        <CursorPos X="21" Y="2"/>
        <UsageCount Value="200"/>
        <Loaded Value="True"/>
        <LoadedDesigner Value="True"/>
      </Unit34>
      <Unit35>
        <Filename Value="/Developer/lazarus/lcl/fileutil.pas"/>
        <UnitName Value="FileUtil"/>
        <WindowIndex Value="0"/>
        <TopLine Value="1"/>
        <CursorPos X="1" Y="1"/>
        <UsageCount Value="8"/>
      </Unit35>
      <Unit36>
        <Filename Value="/Developer/lazarus/lcl/controls.pp"/>
        <UnitName Value="Controls"/>
        <WindowIndex Value="0"/>
        <TopLine Value="1"/>
        <CursorPos X="50" Y="131"/>
        <UsageCount Value="8"/>
      </Unit36>
      <Unit37>
        <Filename Value="../Temp/SimThyr 3.0/SimThyr.lpr"/>
        <UnitName Value="SimThyr"/>
        <WindowIndex Value="0"/>
        <TopLine Value="1"/>
        <CursorPos X="1" Y="1"/>
        <UsageCount Value="8"/>
      </Unit37>
      <Unit38>
        <Filename Value="showaboutmodel.pas"/>
        <IsPartOfProject Value="True"/>
        <ComponentName Value="AboutModelForm"/>
        <HasResources Value="True"/>
        <ResourceBaseClass Value="Form"/>
        <UnitName Value="ShowAboutModel"/>
        <EditorIndex Value="23"/>
        <WindowIndex Value="0"/>
        <TopLine Value="1"/>
        <CursorPos X="21" Y="2"/>
        <UsageCount Value="200"/>
        <Loaded Value="True"/>
        <LoadedDesigner Value="True"/>
      </Unit38>
      <Unit39>
        <Filename Value="/lazarus/lcl/dynamicarray.pas"/>
        <UnitName Value="DynamicArray"/>
        <WindowIndex Value="0"/>
        <TopLine Value="145"/>
        <CursorPos X="1" Y="164"/>
        <UsageCount Value="9"/>
      </Unit39>
      <Unit40>
        <Filename Value="/lazarus/fpc/2.2.4/source/rtl/objpas/classes/classesh.inc"/>
        <WindowIndex Value="0"/>
        <TopLine Value="1374"/>
        <CursorPos X="3" Y="1357"/>
        <UsageCount Value="8"/>
      </Unit40>
      <Unit41>
        <Filename Value="/Developer/lazarus/lcl/stdctrls.pp"/>
        <UnitName Value="StdCtrls"/>
        <WindowIndex Value="0"/>
        <TopLine Value="885"/>
        <CursorPos X="46" Y="885"/>
        <UsageCount Value="9"/>
      </Unit41>
      <Unit42>
        <Filename Value="simthyrprediction.lfm"/>
        <ComponentName Value="Prediction"/>
        <HasResources Value="True"/>
        <ResourceBaseClass Value="Form"/>
        <WindowIndex Value="0"/>
        <TopLine Value="1"/>
        <CursorPos X="106" Y="11"/>
        <UsageCount Value="9"/>
        <DefaultSyntaxHighlighter Value="LFM"/>
      </Unit42>
      <Unit43>
        <Filename Value="simthyrprediction.ppu"/>
        <WindowIndex Value="0"/>
        <TopLine Value="1"/>
        <CursorPos X="1" Y="1"/>
        <UsageCount Value="9"/>
        <DefaultSyntaxHighlighter Value="None"/>
      </Unit43>
      <Unit44>
        <Filename Value="/Developer/lazarus/components/tachart/tagraph.pas"/>
        <UnitName Value="TAGraph"/>
        <WindowIndex Value="0"/>
        <TopLine Value="359"/>
        <CursorPos X="14" Y="375"/>
        <UsageCount Value="10"/>
      </Unit44>
      <Unit45>
        <Filename Value="/Developer/lazarus/components/tachart/demo/line/Main.pas"/>
        <UnitName Value="Main"/>
        <WindowIndex Value="0"/>
        <TopLine Value="1"/>
        <CursorPos X="1" Y="1"/>
        <UsageCount Value="9"/>
      </Unit45>
      <Unit46>
        <Filename Value="/lazarus/components/tachart/tagraph.pas"/>
        <UnitName Value="TAGraph"/>
        <WindowIndex Value="0"/>
        <TopLine Value="714"/>
        <CursorPos X="1" Y="733"/>
        <UsageCount Value="9"/>
      </Unit46>
      <Unit47>
        <Filename Value="/lazarus/lcl/include/customcombobox.inc"/>
        <WindowIndex Value="0"/>
        <TopLine Value="184"/>
        <CursorPos X="1" Y="203"/>
        <UsageCount Value="9"/>
      </Unit47>
      <Unit48>
        <Filename Value="/lazarus/lcl/include/statuspanels.inc"/>
        <WindowIndex Value="0"/>
        <TopLine Value="3"/>
        <CursorPos X="1" Y="34"/>
        <UsageCount Value="9"/>
      </Unit48>
      <Unit49>
        <Filename Value="/lazarus/lcl/include/toolbutton.inc"/>
        <WindowIndex Value="0"/>
        <TopLine Value="120"/>
        <CursorPos X="1" Y="139"/>
        <UsageCount Value="9"/>
      </Unit49>
      <Unit50>
        <Filename Value="/lazarus/lcl/include/customform.inc"/>
        <WindowIndex Value="0"/>
        <TopLine Value="2100"/>
        <CursorPos X="1" Y="2119"/>
        <UsageCount Value="9"/>
      </Unit50>
      <Unit51>
        <Filename Value="/lazarus/lcl/grids.pas"/>
        <UnitName Value="Grids"/>
        <WindowIndex Value="0"/>
        <TopLine Value="8211"/>
        <CursorPos X="1" Y="8230"/>
        <UsageCount Value="10"/>
      </Unit51>
      <Unit52>
        <Filename Value="/lazarus/components/tachart/taseries.pas"/>
        <UnitName Value="TASeries"/>
        <WindowIndex Value="0"/>
        <TopLine Value="477"/>
        <CursorPos X="1" Y="496"/>
        <UsageCount Value="9"/>
      </Unit52>
      <Unit53>
        <Filename Value="/Developer/lazarus/lcl/include/filedialog.inc"/>
        <WindowIndex Value="0"/>
        <TopLine Value="204"/>
        <CursorPos X="1" Y="221"/>
        <UsageCount Value="11"/>
      </Unit53>
      <Unit54>
        <Filename Value="/Developer/lazarus/lcl/dialogs.pp"/>
        <UnitName Value="Dialogs"/>
        <WindowIndex Value="0"/>
        <TopLine Value="194"/>
        <CursorPos X="45" Y="213"/>
        <UsageCount Value="10"/>
      </Unit54>
      <Unit55>
        <Filename Value="/Developer/lazarus/lcl/lclclasses.pp"/>
        <UnitName Value="LCLClasses"/>
        <WindowIndex Value="0"/>
        <TopLine Value="28"/>
        <CursorPos X="17" Y="45"/>
        <UsageCount Value="10"/>
      </Unit55>
      <Unit56>
        <Filename Value="/Developer/lazarus/lcl/interfaces/carbon/carbonprivatewindow.inc"/>
        <WindowIndex Value="0"/>
        <TopLine Value="1679"/>
        <CursorPos X="1" Y="1696"/>
        <UsageCount Value="10"/>
      </Unit56>
      <Unit57>
        <Filename Value="structureparameters.pas"/>
        <IsPartOfProject Value="True"/>
        <ComponentName Value="StructureParameters"/>
        <HasResources Value="True"/>
        <ResourceBaseClass Value="Form"/>
        <UnitName Value="StructureParameters"/>
        <EditorIndex Value="15"/>
        <WindowIndex Value="0"/>
        <TopLine Value="1"/>
        <CursorPos X="29" Y="2"/>
        <UsageCount Value="200"/>
        <Loaded Value="True"/>
        <LoadedDesigner Value="True"/>
      </Unit57>
      <Unit58>
        <Filename Value="/Developer/lazarus/lcl/interfaces/carbon/carbongdiobjects.pp"/>
        <UnitName Value="CarbonGDIObjects"/>
        <WindowIndex Value="0"/>
        <TopLine Value="736"/>
        <CursorPos X="1" Y="752"/>
        <UsageCount Value="10"/>
      </Unit58>
      <Unit59>
        <Filename Value="/Developer/lazarus/lcl/interfaces/carbon/carbonprivatecommon.inc"/>
        <WindowIndex Value="0"/>
        <TopLine Value="27"/>
        <CursorPos X="1" Y="43"/>
        <UsageCount Value="10"/>
      </Unit59>
      <Unit60>
        <Filename Value="/Developer/lazarus/lcl/interfaces/carbon/carbonobject.inc"/>
        <WindowIndex Value="0"/>
        <TopLine Value="525"/>
        <CursorPos X="1" Y="541"/>
        <UsageCount Value="10"/>
      </Unit60>
      <Unit61>
        <Filename Value="../../../&quot;&quot;/home/Johannes/Dokumente/Projekte/SimThyr/SimThyr 3.0/SimThyr.lpi&quot;&quot;"/>
        <WindowIndex Value="0"/>
        <TopLine Value="1"/>
        <CursorPos X="1" Y="1"/>
        <UsageCount Value="10"/>
        <DefaultSyntaxHighlighter Value="None"/>
      </Unit61>
      <Unit62>
        <Filename Value="/usr/lib/lazarus/lcl/interfaces/gtk2/gtk2winapi.inc"/>
        <WindowIndex Value="0"/>
        <TopLine Value="9150"/>
        <CursorPos X="1" Y="9168"/>
        <UsageCount Value="10"/>
      </Unit62>
      <Unit63>
        <Filename Value="/usr/lib/lazarus/lcl/include/customform.inc"/>
        <WindowIndex Value="0"/>
        <TopLine Value="860"/>
        <CursorPos X="1" Y="878"/>
        <UsageCount Value="10"/>
      </Unit63>
      <Unit64>
        <Filename Value="/usr/lib/lazarus/lcl/include/application.inc"/>
        <WindowIndex Value="0"/>
        <TopLine Value="2070"/>
        <CursorPos X="1" Y="2088"/>
        <UsageCount Value="10"/>
      </Unit64>
      <Unit65>
        <Filename Value="/usr/lib/lazarus/lcl/include/control.inc"/>
        <WindowIndex Value="0"/>
        <TopLine Value="2271"/>
        <CursorPos X="1" Y="2289"/>
        <UsageCount Value="10"/>
      </Unit65>
      <Unit66>
        <Filename Value="/usr/lib/lazarus/components/tachart/tachartutils.pas"/>
        <UnitName Value="TAChartUtils"/>
        <WindowIndex Value="0"/>
        <TopLine Value="1125"/>
        <CursorPos X="1" Y="1171"/>
        <UsageCount Value="10"/>
      </Unit66>
      <Unit67>
        <Filename Value="/usr/lib/lazarus/lcl/interfaces/gtk2/gtk2widgetset.inc"/>
        <WindowIndex Value="0"/>
        <TopLine Value="2366"/>
        <CursorPos X="1" Y="2395"/>
        <UsageCount Value="10"/>
      </Unit67>
      <Unit68>
        <Filename Value="/usr/lib/lazarus/lcl/include/picture.inc"/>
        <WindowIndex Value="0"/>
        <TopLine Value="575"/>
        <CursorPos X="1" Y="593"/>
        <UsageCount Value="10"/>
      </Unit68>
      <Unit69>
        <Filename Value="/Developer/lazarus/components/tachart/tacustomseries.pas"/>
        <UnitName Value="TACustomSeries"/>
        <WindowIndex Value="0"/>
        <TopLine Value="779"/>
        <CursorPos X="1" Y="797"/>
        <UsageCount Value="10"/>
      </Unit69>
      <Unit70>
        <Filename Value="simoptions.pas"/>
        <IsPartOfProject Value="True"/>
        <ComponentName Value="SimOptionsDlg"/>
        <HasResources Value="True"/>
        <ResourceBaseClass Value="Form"/>
        <UnitName Value="SimOptions"/>
        <EditorIndex Value="10"/>
        <WindowIndex Value="0"/>
        <TopLine Value="1"/>
        <CursorPos X="1" Y="2"/>
        <UsageCount Value="200"/>
        <Loaded Value="True"/>
        <LoadedDesigner Value="True"/>
      </Unit70>
      <Unit71>
        <Filename Value="versionsupport.pas"/>
        <IsPartOfProject Value="True"/>
        <UnitName Value="VersionSupport"/>
        <EditorIndex Value="8"/>
        <WindowIndex Value="0"/>
        <TopLine Value="1"/>
        <CursorPos X="1" Y="2"/>
        <UsageCount Value="200"/>
        <Loaded Value="True"/>
      </Unit71>
      <Unit72>
        <Filename Value="scenariohandler.pas"/>
        <IsPartOfProject Value="True"/>
        <UnitName Value="ScenarioHandler"/>
        <EditorIndex Value="4"/>
        <WindowIndex Value="0"/>
        <TopLine Value="1"/>
        <CursorPos X="1" Y="2"/>
        <ExtraEditorCount Value="1"/>
        <UsageCount Value="200"/>
        <Loaded Value="True"/>
      </Unit72>
      <Unit73>
        <Filename Value="handlepreferences.pas"/>
        <IsPartOfProject Value="True"/>
        <ComponentName Value="PreferencesDialog"/>
        <HasResources Value="True"/>
        <ResourceBaseClass Value="Form"/>
        <UnitName Value="HandlePreferences"/>
        <EditorIndex Value="9"/>
        <WindowIndex Value="0"/>
        <TopLine Value="1"/>
        <CursorPos X="2" Y="2"/>
        <UsageCount Value="200"/>
        <Bookmarks Count="1">
          <Item0 X="1" Y="540" ID="8"/>
        </Bookmarks>
        <Loaded Value="True"/>
        <LoadedDesigner Value="True"/>
      </Unit73>
      <Unit74>
        <Filename Value="/Developer/lazarus/lcl/include/icnsicon.inc"/>
        <WindowIndex Value="0"/>
        <TopLine Value="184"/>
        <CursorPos X="1" Y="200"/>
        <UsageCount Value="10"/>
      </Unit74>
      <Unit75>
        <Filename Value="handlenotifier.pas"/>
        <IsPartOfProject Value="True"/>
        <ComponentName Value="Notice"/>
        <HasResources Value="True"/>
        <ResourceBaseClass Value="Form"/>
        <UnitName Value="HandleNotifier"/>
        <EditorIndex Value="17"/>
        <WindowIndex Value="0"/>
        <TopLine Value="1"/>
        <CursorPos X="1" Y="2"/>
        <UsageCount Value="200"/>
        <Loaded Value="True"/>
        <LoadedDesigner Value="True"/>
      </Unit75>
      <Unit76>
        <Filename Value="/lazarus/lcl/interfaces/win32/win32object.inc"/>
        <WindowIndex Value="0"/>
        <TopLine Value="363"/>
        <CursorPos X="1" Y="394"/>
        <UsageCount Value="10"/>
      </Unit76>
      <Unit77>
        <Filename Value="/Developer/lazarus/lcl/interfaces/carbon/carbonedits.pp"/>
        <UnitName Value="CarbonEdits"/>
        <WindowIndex Value="0"/>
        <TopLine Value="584"/>
        <CursorPos X="1" Y="601"/>
        <UsageCount Value="10"/>
      </Unit77>
      <Unit78>
        <Filename Value="/Developer/lazarus/lcl/include/customcombobox.inc"/>
        <WindowIndex Value="0"/>
        <TopLine Value="186"/>
        <CursorPos X="1" Y="193"/>
        <UsageCount Value="10"/>
      </Unit78>
      <Unit79>
        <Filename Value="/Developer/lazarus/lcl/include/wincontrol.inc"/>
        <WindowIndex Value="0"/>
        <TopLine Value="5665"/>
        <CursorPos X="1" Y="5681"/>
        <UsageCount Value="10"/>
      </Unit79>
      <Unit80>
        <Filename Value="/usr/local/share/fpcsrc/packages/univint/src/Folders.pas"/>
        <UnitName Value="Folders"/>
        <WindowIndex Value="0"/>
        <TopLine Value="401"/>
        <CursorPos X="58" Y="420"/>
        <UsageCount Value="10"/>
      </Unit80>
      <Unit81>
        <Filename Value="/usr/local/share/fpcsrc/packages/univint/src/Files.pas"/>
        <UnitName Value="Files"/>
        <WindowIndex Value="0"/>
        <TopLine Value="4427"/>
        <CursorPos X="67" Y="4456"/>
        <UsageCount Value="12"/>
      </Unit81>
      <Unit82>
        <Filename Value="/usr/local/share/fpcsrc/packages/fcl-xml/src/xmlwrite.pp"/>
        <UnitName Value="XMLWrite"/>
        <WindowIndex Value="0"/>
        <TopLine Value="18"/>
        <CursorPos X="54" Y="18"/>
        <UsageCount Value="10"/>
      </Unit82>
      <Unit83>
        <Filename Value="/usr/local/share/fpcsrc/packages/fcl-xml/src/dom.pp"/>
        <UnitName Value="DOM"/>
        <WindowIndex Value="0"/>
        <TopLine Value="188"/>
        <CursorPos X="1" Y="188"/>
        <UsageCount Value="10"/>
      </Unit83>
      <Unit84>
        <Filename Value="/usr/local/share/fpcsrc/packages/univint/src/fp.pas"/>
        <UnitName Value="fp"/>
        <WindowIndex Value="0"/>
        <TopLine Value="86"/>
        <CursorPos X="1" Y="86"/>
        <UsageCount Value="10"/>
      </Unit84>
      <Unit85>
        <Filename Value="/lazarus/fpc/2.4.4/source/rtl/objpas/sysutils/osutilsh.inc"/>
        <WindowIndex Value="0"/>
        <TopLine Value="27"/>
        <CursorPos X="10" Y="38"/>
        <UsageCount Value="10"/>
      </Unit85>
      <Unit86>
        <Filename Value="/usr/local/share/fpcsrc/rtl/objpas/sysutils/osutilsh.inc"/>
        <WindowIndex Value="0"/>
        <TopLine Value="10"/>
        <CursorPos X="25" Y="38"/>
        <UsageCount Value="10"/>
      </Unit86>
      <Unit87>
        <Filename Value="/usr/local/share/fpcsrc/packages/fcl-xml/src/xmlread.pp"/>
        <UnitName Value="XMLRead"/>
        <WindowIndex Value="0"/>
        <TopLine Value="27"/>
        <CursorPos X="11" Y="44"/>
        <UsageCount Value="10"/>
      </Unit87>
      <Unit88>
        <Filename Value="/Developer/lazarus/lcl/include/application.inc"/>
        <WindowIndex Value="0"/>
        <TopLine Value="670"/>
        <CursorPos X="1" Y="689"/>
        <UsageCount Value="10"/>
      </Unit88>
      <Unit89>
        <Filename Value="/Developer/lazarus/lcl/include/fileutil.inc"/>
        <WindowIndex Value="0"/>
        <TopLine Value="23"/>
        <CursorPos X="1" Y="44"/>
        <UsageCount Value="10"/>
      </Unit89>
      <Unit90>
        <Filename Value="/usr/local/share/fpcsrc/packages/univint/src/cssmkrapi.pas"/>
        <UnitName Value="cssmkrapi"/>
        <WindowIndex Value="0"/>
        <TopLine Value="314"/>
        <CursorPos X="120" Y="337"/>
        <UsageCount Value="10"/>
      </Unit90>
      <Unit91>
        <Filename Value="/Developer/lazarus/lcl/lclmessageglue.pas"/>
        <UnitName Value="LCLMessageGlue"/>
        <WindowIndex Value="0"/>
        <TopLine Value="124"/>
        <CursorPos X="1" Y="141"/>
        <UsageCount Value="10"/>
      </Unit91>
      <Unit92>
        <Filename Value="sensitivityanalysis.pas"/>
        <IsPartOfProject Value="True"/>
        <ComponentName Value="SensitivityAnalysisForm"/>
        <HasResources Value="True"/>
        <ResourceBaseClass Value="Form"/>
        <UnitName Value="Sensitivityanalysis"/>
        <EditorIndex Value="18"/>
        <WindowIndex Value="0"/>
        <TopLine Value="1"/>
        <CursorPos X="13" Y="2"/>
        <ExtraEditorCount Value="1"/>
        <ExtraEditor1>
          <TopLine Value="27"/>
          <CursorPos X="12" Y="37"/>
        </ExtraEditor1>
        <UsageCount Value="200"/>
        <Loaded Value="True"/>
        <LoadedDesigner Value="True"/>
      </Unit92>
      <Unit93>
        <Filename Value="/lazarus/lcl/include/application.inc"/>
        <WindowIndex Value="0"/>
        <TopLine Value="2059"/>
        <CursorPos X="1" Y="2078"/>
        <UsageCount Value="10"/>
      </Unit93>
      <Unit94>
        <Filename Value="/Developer/lazarus/components/tachart/taseries.pas"/>
        <UnitName Value="TASeries"/>
        <WindowIndex Value="0"/>
        <TopLine Value="508"/>
        <CursorPos X="1" Y="525"/>
        <UsageCount Value="10"/>
      </Unit94>
      <Unit95>
        <Filename Value="sensitivityanalysis.lrs"/>
        <WindowIndex Value="0"/>
        <TopLine Value="49"/>
        <CursorPos X="1" Y="66"/>
        <UsageCount Value="10"/>
      </Unit95>
      <Unit96>
        <Filename Value="/lazarus/lcl/include/spinedit.inc"/>
        <WindowIndex Value="0"/>
        <TopLine Value="113"/>
        <CursorPos X="1" Y="134"/>
        <UsageCount Value="10"/>
      </Unit96>
      <Unit97>
        <Filename Value="/Developer/lazarus/lcl/include/rasterimage.inc"/>
        <WindowIndex Value="0"/>
        <TopLine Value="809"/>
        <CursorPos X="1" Y="826"/>
        <UsageCount Value="10"/>
      </Unit97>
      <Unit98>
        <Filename Value="tornado.pas"/>
        <IsPartOfProject Value="True"/>
        <ComponentName Value="TornadoPlotForm"/>
        <HasResources Value="True"/>
        <ResourceBaseClass Value="Form"/>
        <UnitName Value="tornado"/>
        <EditorIndex Value="21"/>
        <WindowIndex Value="0"/>
        <TopLine Value="1"/>
        <CursorPos X="46" Y="10"/>
        <UsageCount Value="200"/>
        <Loaded Value="True"/>
        <LoadedDesigner Value="True"/>
      </Unit98>
      <Unit99>
        <Filename Value="/Developer/lazarus/lcl/chart.pp"/>
        <UnitName Value="Chart"/>
        <WindowIndex Value="0"/>
        <TopLine Value="400"/>
        <CursorPos X="1" Y="417"/>
        <UsageCount Value="10"/>
      </Unit99>
      <Unit100>
        <Filename Value="/Developer/lazarus/lcl/include/buttons.inc"/>
        <WindowIndex Value="0"/>
        <TopLine Value="312"/>
        <CursorPos X="1" Y="342"/>
        <UsageCount Value="10"/>
      </Unit100>
      <Unit101>
        <Filename Value="/Developer/lazarus/components/tachart/tachartaxis.pas"/>
        <UnitName Value="TAChartAxis"/>
        <WindowIndex Value="0"/>
        <TopLine Value="586"/>
        <CursorPos X="1" Y="603"/>
        <UsageCount Value="10"/>
      </Unit101>
      <Unit102>
        <Filename Value="/Developer/lazarus/components/tachart/tasources.pas"/>
        <UnitName Value="TASources"/>
        <WindowIndex Value="0"/>
        <TopLine Value="149"/>
        <CursorPos X="33" Y="152"/>
        <UsageCount Value="10"/>
      </Unit102>
      <Unit103>
        <Filename Value="/Developer/lazarus/components/tachart/talegendpanel.pas"/>
        <UnitName Value="TALegendPanel"/>
        <WindowIndex Value="0"/>
        <TopLine Value="12"/>
        <CursorPos X="1" Y="1"/>
        <UsageCount Value="10"/>
      </Unit103>
      <Unit104>
        <Filename Value="/Developer/lazarus/lcl/include/picture.inc"/>
        <WindowIndex Value="0"/>
        <TopLine Value="691"/>
        <CursorPos X="1" Y="708"/>
        <UsageCount Value="10"/>
      </Unit104>
      <Unit105>
        <Filename Value="/lazarus/lcl/lclclasses.pp"/>
        <UnitName Value="LCLClasses"/>
        <WindowIndex Value="0"/>
        <TopLine Value="19"/>
        <CursorPos X="29" Y="36"/>
        <UsageCount Value="10"/>
      </Unit105>
      <Unit106>
        <Filename Value="/lazarus/fpc/2.6.0/source/rtl/objpas/classes/classesh.inc"/>
        <WindowIndex Value="0"/>
        <TopLine Value="1"/>
        <CursorPos X="53" Y="645"/>
        <UsageCount Value="10"/>
      </Unit106>
      <Unit107>
        <Filename Value="difsupport.pas"/>
        <IsPartOfProject Value="True"/>
        <UnitName Value="DIFSupport"/>
        <EditorIndex Value="6"/>
        <WindowIndex Value="0"/>
        <TopLine Value="1"/>
        <CursorPos X="1" Y="2"/>
        <UsageCount Value="171"/>
        <Loaded Value="True"/>
      </Unit107>
      <Unit108>
        <Filename Value="/usr/local/share/fpcsrc/rtl/objpas/classes/stringl.inc"/>
        <WindowIndex Value="0"/>
        <TopLine Value="1127"/>
        <CursorPos X="7" Y="1142"/>
        <UsageCount Value="10"/>
      </Unit108>
      <Unit109>
        <Filename Value="/Developer/lazarus/lcl/include/customcheckgroup.inc"/>
        <WindowIndex Value="0"/>
        <TopLine Value="72"/>
        <CursorPos X="1" Y="89"/>
        <UsageCount Value="10"/>
      </Unit109>
      <Unit110>
        <Filename Value="/lazarus/lcl/controls.pp"/>
        <UnitName Value="Controls"/>
        <WindowIndex Value="0"/>
        <TopLine Value="31"/>
        <CursorPos X="36" Y="44"/>
        <UsageCount Value="10"/>
      </Unit110>
      <Unit111>
        <Filename Value="help.pas"/>
        <IsPartOfProject Value="True"/>
        <ComponentName Value="HelpWindow"/>
        <HasResources Value="True"/>
        <ResourceBaseClass Value="Form"/>
        <UnitName Value="help"/>
        <EditorIndex Value="25"/>
        <WindowIndex Value="0"/>
        <TopLine Value="1"/>
        <CursorPos X="10" Y="2"/>
        <UsageCount Value="149"/>
        <Loaded Value="True"/>
        <LoadedDesigner Value="True"/>
      </Unit111>
      <Unit112>
        <Filename Value="/Developer/lazarus/lcl/lclintf.pas"/>
        <UnitName Value="LCLIntf"/>
        <WindowIndex Value="0"/>
        <TopLine Value="65"/>
        <CursorPos X="10" Y="82"/>
        <UsageCount Value="10"/>
      </Unit112>
      <Unit113>
        <Filename Value="/usr/local/share/fpcsrc/rtl/objpas/sysutils/sysstrh.inc"/>
        <WindowIndex Value="0"/>
        <TopLine Value="95"/>
        <CursorPos X="18" Y="113"/>
        <UsageCount Value="10"/>
      </Unit113>
      <Unit114>
        <Filename Value="todo.txt"/>
        <IsPartOfProject Value="True"/>
        <EditorIndex Value="0"/>
        <WindowIndex Value="0"/>
        <TopLine Value="1"/>
        <CursorPos X="1" Y="2"/>
        <UsageCount Value="139"/>
        <Loaded Value="True"/>
        <DefaultSyntaxHighlighter Value="None"/>
      </Unit114>
      <Unit115>
        <Filename Value="simthyrmain.lfm"/>
        <WindowIndex Value="0"/>
        <TopLine Value="1376"/>
        <CursorPos X="29" Y="1396"/>
        <UsageCount Value="10"/>
        <DefaultSyntaxHighlighter Value="LFM"/>
      </Unit115>
      <Unit116>
        <Filename Value="/Developer/lazarus/lcl/lcltype.pp"/>
        <UnitName Value="LCLType"/>
        <WindowIndex Value="0"/>
        <TopLine Value="557"/>
        <CursorPos X="73" Y="587"/>
        <UsageCount Value="10"/>
      </Unit116>
      <Unit117>
        <Filename Value="../../../../lazarus/lcl/include/toolbutton.inc"/>
        <WindowIndex Value="0"/>
        <TopLine Value="1"/>
        <CursorPos X="1" Y="954"/>
        <UsageCount Value="10"/>
      </Unit117>
      <Unit118>
        <Filename Value="../../../../lazarus/lcl/interfaces/win32/win32callback.inc"/>
        <WindowIndex Value="0"/>
        <TopLine Value="2714"/>
        <CursorPos X="1" Y="2736"/>
        <UsageCount Value="10"/>
      </Unit118>
      <Unit119>
        <Filename Value="../../../../lazarus/lcl/include/customform.inc"/>
        <WindowIndex Value="0"/>
        <TopLine Value="190"/>
        <CursorPos X="1" Y="219"/>
        <UsageCount Value="10"/>
      </Unit119>
      <Unit120>
        <Filename Value="../../../../lazarus/lcl/include/application.inc"/>
        <WindowIndex Value="0"/>
        <TopLine Value="1077"/>
        <CursorPos X="1" Y="1095"/>
        <UsageCount Value="10"/>
      </Unit120>
      <Unit121>
        <Filename Value="../../../../lazarus/fpc/2.6.2/source/rtl/objpas/sysutils/osutilsh.inc"/>
        <WindowIndex Value="0"/>
        <TopLine Value="23"/>
        <CursorPos X="26" Y="41"/>
        <UsageCount Value="10"/>
      </Unit121>
      <Unit122>
        <Filename Value="../../../../lazarus/fpc/2.6.2/source/rtl/objpas/sysutils/osutil.inc"/>
        <WindowIndex Value="0"/>
        <TopLine Value="91"/>
        <CursorPos X="10" Y="109"/>
        <UsageCount Value="10"/>
      </Unit122>
      <Unit123>
        <Filename Value="../../../../lazarus/fpc/2.6.2/source/rtl/win/sysutils.pp"/>
        <UnitName Value="sysutils"/>
        <WindowIndex Value="0"/>
        <TopLine Value="1105"/>
        <CursorPos X="28" Y="1108"/>
        <UsageCount Value="10"/>
      </Unit123>
      <Unit124>
        <Filename Value="../../../../lazarus/fpc/2.6.2/source/packages/fcl-xml/src/xmlread.pp"/>
        <UnitName Value="XMLRead"/>
        <WindowIndex Value="0"/>
        <TopLine Value="34"/>
        <CursorPos X="45" Y="44"/>
        <UsageCount Value="10"/>
      </Unit124>
      <Unit125>
        <Filename Value="../../../../lazarus/fpc/2.6.2/source/packages/fcl-xml/src/dom.pp"/>
        <UnitName Value="DOM"/>
        <WindowIndex Value="0"/>
        <TopLine Value="207"/>
        <CursorPos X="23" Y="224"/>
        <UsageCount Value="10"/>
      </Unit125>
      <Unit126>
        <Filename Value="../../../../lazarus/lcl/grids.pas"/>
        <UnitName Value="Grids"/>
        <WindowIndex Value="0"/>
        <TopLine Value="3544"/>
        <CursorPos X="1" Y="3562"/>
        <UsageCount Value="10"/>
      </Unit126>
      <Unit127>
        <Filename Value="../../../../lazarus/fpc/2.6.2/source/rtl/inc/objpash.inc"/>
        <WindowIndex Value="0"/>
        <TopLine Value="177"/>
        <CursorPos X="22" Y="194"/>
        <UsageCount Value="10"/>
      </Unit127>
      <Unit128>
        <Filename Value="../../../../lazarus/components/tachart/taintervalsources.pas"/>
        <UnitName Value="TAIntervalSources"/>
        <WindowIndex Value="0"/>
        <TopLine Value="391"/>
        <CursorPos X="1" Y="409"/>
        <UsageCount Value="10"/>
      </Unit128>
      <Unit129>
        <Filename Value="../../../../lazarus/lcl/forms.pp"/>
        <UnitName Value="Forms"/>
        <WindowIndex Value="0"/>
        <TopLine Value="33"/>
        <CursorPos X="3" Y="46"/>
        <UsageCount Value="10"/>
      </Unit129>
      <Unit130>
        <Filename Value="../../../../lazarus/lcl/lclclasses.pp"/>
        <UnitName Value="LCLClasses"/>
        <WindowIndex Value="0"/>
        <TopLine Value="19"/>
        <CursorPos X="10" Y="32"/>
        <UsageCount Value="10"/>
      </Unit130>
      <Unit131>
        <Filename Value="../../../../lazarus/fpc/2.6.2/source/rtl/objpas/classes/classesh.inc"/>
        <WindowIndex Value="0"/>
        <TopLine Value="1595"/>
        <CursorPos X="14" Y="1610"/>
        <UsageCount Value="10"/>
      </Unit131>
      <Unit132>
        <Filename Value="simthyrresources.pas"/>
        <IsPartOfProject Value="True"/>
        <UnitName Value="SimThyrResources"/>
        <EditorIndex Value="2"/>
        <WindowIndex Value="0"/>
        <TopLine Value="1"/>
        <CursorPos X="3" Y="2"/>
        <UsageCount Value="109"/>
        <Loaded Value="True"/>
      </Unit132>
      <Unit133>
        <Filename Value="unitconverter.pas"/>
        <IsPartOfProject Value="True"/>
        <UnitName Value="UnitConverter"/>
        <EditorIndex Value="3"/>
        <WindowIndex Value="0"/>
        <TopLine Value="669"/>
        <CursorPos X="2" Y="2"/>
        <UsageCount Value="102"/>
        <Loaded Value="True"/>
      </Unit133>
      <Unit134>
        <Filename Value="../../../../lazarus/lcl/include/control.inc"/>
        <WindowIndex Value="0"/>
        <TopLine Value="3225"/>
        <CursorPos X="1" Y="3239"/>
        <UsageCount Value="11"/>
      </Unit134>
      <Unit135>
        <Filename Value="twsensitivityanalysis.pas"/>
        <IsPartOfProject Value="True"/>
        <ComponentName Value="TWSensitivityAnalysisForm"/>
        <HasResources Value="True"/>
        <ResourceBaseClass Value="Form"/>
        <UnitName Value="TWSensitivityanalysis"/>
        <EditorIndex Value="20"/>
        <WindowIndex Value="0"/>
        <TopLine Value="10"/>
        <CursorPos X="22" Y="2"/>
        <ExtraEditorCount Value="1"/>
        <ExtraEditor1>
          <TopLine Value="1105"/>
          <CursorPos X="67" Y="1127"/>
        </ExtraEditor1>
        <UsageCount Value="98"/>
        <Loaded Value="True"/>
        <LoadedDesigner Value="True"/>
      </Unit135>
      <Unit136>
        <Filename Value="../../../../lazarus/fpc/2.6.4/source/rtl/inc/objpash.inc"/>
        <WindowIndex Value="0"/>
        <TopLine Value="178"/>
        <CursorPos X="23" Y="192"/>
        <UsageCount Value="10"/>
      </Unit136>
      <Unit137>
        <Filename Value="/Developer/lazarus/components/tachart/tafuncseries.pas"/>
        <UnitName Value="TAFuncSeries"/>
        <WindowIndex Value="0"/>
        <TopLine Value="1586"/>
        <CursorPos X="1" Y="1602"/>
        <UsageCount Value="11"/>
      </Unit137>
      <Unit138>
        <Filename Value="../../../../lazarus/fpc/2.6.4/source/rtl/objpas/math.pp"/>
        <UnitName Value="math"/>
        <WindowIndex Value="0"/>
        <TopLine Value="405"/>
        <CursorPos X="10" Y="419"/>
        <UsageCount Value="10"/>
      </Unit138>
      <Unit139>
        <Filename Value="/Developer/lazarus/lcl/lclversion.pas"/>
        <UnitName Value="LCLVersion"/>
        <WindowIndex Value="0"/>
        <TopLine Value="1"/>
        <CursorPos X="3" Y="35"/>
        <UsageCount Value="10"/>
      </Unit139>
      <Unit140>
        <Filename Value="../../../../lazarus/fpc/2.6.4/source/packages/fcl-xml/src/dom.pp"/>
        <UnitName Value="DOM"/>
        <WindowIndex Value="0"/>
        <TopLine Value="245"/>
        <CursorPos X="14" Y="265"/>
        <UsageCount Value="10"/>
      </Unit140>
      <Unit141>
        <Filename Value="/Developer/lazarus/lcl/graphics.pp"/>
        <UnitName Value="Graphics"/>
        <WindowIndex Value="0"/>
        <TopLine Value="1515"/>
        <CursorPos X="3" Y="1533"/>
        <UsageCount Value="10"/>
      </Unit141>
      <Unit142>
        <Filename Value="/Developer/lazarus/components/tachart/tadrawersvg.pas"/>
        <UnitName Value="TADrawerSVG"/>
        <WindowIndex Value="0"/>
        <TopLine Value="51"/>
        <CursorPos X="3" Y="21"/>
        <UsageCount Value="11"/>
      </Unit142>
      <Unit143>
        <Filename Value="/Developer/lazarus/components/tachart/tadrawutils.pas"/>
        <UnitName Value="TADrawUtils"/>
        <WindowIndex Value="0"/>
        <TopLine Value="44"/>
        <CursorPos X="3" Y="62"/>
        <UsageCount Value="11"/>
      </Unit143>
      <Unit144>
        <Filename Value="/usr/local/share/fpcsrc/packages/fcl-image/src/fpimage.pp"/>
        <UnitName Value="FPimage"/>
        <WindowIndex Value="0"/>
        <TopLine Value="1"/>
        <CursorPos X="13" Y="16"/>
        <UsageCount Value="10"/>
      </Unit144>
      <Unit145>
        <Filename Value="/Developer/lazarus/components/fpvectorial/fpvectorial.pas"/>
        <UnitName Value="fpvectorial"/>
        <WindowIndex Value="0"/>
        <TopLine Value="1"/>
        <CursorPos X="1" Y="1"/>
        <UsageCount Value="10"/>
      </Unit145>
      <Unit146>
        <Filename Value="../../../../lazarus/components/tachart/tacustomsource.pas"/>
        <UnitName Value="TACustomSource"/>
        <WindowIndex Value="0"/>
        <TopLine Value="677"/>
        <CursorPos X="1" Y="698"/>
        <UsageCount Value="10"/>
      </Unit146>
      <Unit147>
        <Filename Value="/usr/local/share/fpcsrc/rtl/objpas/sysutils/sysstr.inc"/>
        <WindowIndex Value="0"/>
        <TopLine Value="801"/>
        <CursorPos X="3" Y="804"/>
        <UsageCount Value="10"/>
      </Unit147>
      <Unit148>
        <Filename Value="../../../../../../../lazarus/components/tachart/tacustomsource.pas"/>
        <UnitName Value="TACustomSource"/>
        <WindowIndex Value="0"/>
        <TopLine Value="672"/>
        <CursorPos X="1" Y="698"/>
        <UsageCount Value="10"/>
      </Unit148>
      <Unit149>
        <Filename Value="../../../../../../../lazarus/lcl/include/customcombobox.inc"/>
        <WindowIndex Value="0"/>
        <TopLine Value="157"/>
        <CursorPos X="1" Y="175"/>
        <UsageCount Value="10"/>
      </Unit149>
      <Unit150>
        <Filename Value="../../../../../../../lazarus/lcl/include/control.inc"/>
        <WindowIndex Value="0"/>
        <TopLine Value="2083"/>
        <CursorPos X="1" Y="2100"/>
        <UsageCount Value="10"/>
      </Unit150>
      <Unit151>
        <Filename Value="../../../../../../../lazarus/lcl/include/wincontrol.inc"/>
        <WindowIndex Value="0"/>
        <TopLine Value="5310"/>
        <CursorPos X="1" Y="5327"/>
        <UsageCount Value="10"/>
      </Unit151>
      <Unit152>
        <Filename Value="../../../../../../../lazarus/lcl/lclmessageglue.pas"/>
        <UnitName Value="LCLMessageGlue"/>
        <WindowIndex Value="0"/>
        <TopLine Value="125"/>
        <CursorPos X="1" Y="144"/>
        <UsageCount Value="10"/>
      </Unit152>
      <Unit153>
        <Filename Value="../../../../../../../lazarus/lcl/interfaces/win32/win32callback.inc"/>
        <WindowIndex Value="0"/>
        <TopLine Value="2605"/>
        <CursorPos X="1" Y="2634"/>
        <UsageCount Value="10"/>
      </Unit153>
      <Unit154>
        <Filename Value="../../../../../../../lazarus/components/tachart/tatypes.pas"/>
        <UnitName Value="TATypes"/>
        <WindowIndex Value="0"/>
        <TopLine Value="551"/>
        <CursorPos X="1" Y="570"/>
        <UsageCount Value="10"/>
      </Unit154>
      <Unit155>
        <Filename Value="../../../../../../../lazarus/lcl/interfaces/win32/win32wsstdctrls.pp"/>
        <UnitName Value="Win32WSStdCtrls"/>
        <WindowIndex Value="0"/>
        <TopLine Value="467"/>
        <CursorPos X="1" Y="485"/>
        <UsageCount Value="10"/>
      </Unit155>
      <Unit156>
        <Filename Value="../../../../../../../lazarus/components/tachart/tacustomseries.pas"/>
        <UnitName Value="TACustomSeries"/>
        <WindowIndex Value="0"/>
        <TopLine Value="172"/>
        <CursorPos X="14" Y="189"/>
        <UsageCount Value="10"/>
      </Unit156>
      <Unit157>
        <Filename Value="equilibriumdiagram.pas"/>
        <IsPartOfProject Value="True"/>
        <ComponentName Value="EquilibriumDiagramForm"/>
        <HasResources Value="True"/>
        <ResourceBaseClass Value="Form"/>
        <UnitName Value="Equilibriumdiagram"/>
        <IsVisibleTab Value="True"/>
        <EditorIndex Value="19"/>
        <WindowIndex Value="0"/>
        <TopLine Value="1"/>
        <CursorPos X="1" Y="2"/>
        <UsageCount Value="41"/>
        <Loaded Value="True"/>
        <LoadedDesigner Value="True"/>
      </Unit157>
      <Unit158>
        <Filename Value="../../../../../../../lazarus/components/tachart/taseries.pas"/>
        <UnitName Value="TASeries"/>
        <WindowIndex Value="0"/>
        <TopLine Value="604"/>
        <CursorPos X="1" Y="623"/>
        <UsageCount Value="10"/>
      </Unit158>
    </Units>
    <JumpHistory Count="30" HistoryIndex="29">
      <Position1>
        <Filename Value="equilibriumdiagram.pas"/>
        <Caret Line="200" Column="1" TopLine="181"/>
      </Position1>
      <Position2>
        <Filename Value="equilibriumdiagram.pas"/>
        <Caret Line="205" Column="27" TopLine="181"/>
      </Position2>
      <Position3>
        <Filename Value="equilibriumdiagram.pas"/>
        <Caret Line="215" Column="1" TopLine="184"/>
      </Position3>
      <Position4>
        <Filename Value="equilibriumdiagram.pas"/>
        <Caret Line="218" Column="1" TopLine="187"/>
      </Position4>
      <Position5>
        <Filename Value="equilibriumdiagram.pas"/>
        <Caret Line="219" Column="1" TopLine="188"/>
      </Position5>
      <Position6>
        <Filename Value="equilibriumdiagram.pas"/>
        <Caret Line="156" Column="42" TopLine="143"/>
      </Position6>
      <Position7>
        <Filename Value="equilibriumdiagram.pas"/>
        <Caret Line="164" Column="1" TopLine="143"/>
      </Position7>
      <Position8>
        <Filename Value="equilibriumdiagram.pas"/>
        <Caret Line="166" Column="1" TopLine="143"/>
      </Position8>
      <Position9>
        <Filename Value="equilibriumdiagram.pas"/>
        <Caret Line="167" Column="1" TopLine="143"/>
      </Position9>
      <Position10>
        <Filename Value="simulator.pas"/>
        <Caret Line="262" Column="1" TopLine="243"/>
      </Position10>
      <Position11>
        <Filename Value="simulator.pas"/>
        <Caret Line="263" Column="1" TopLine="243"/>
      </Position11>
      <Position12>
        <Filename Value="simulator.pas"/>
        <Caret Line="264" Column="1" TopLine="243"/>
      </Position12>
      <Position13>
        <Filename Value="simulator.pas"/>
        <Caret Line="271" Column="1" TopLine="243"/>
      </Position13>
      <Position14>
        <Filename Value="simulator.pas"/>
        <Caret Line="272" Column="1" TopLine="243"/>
      </Position14>
      <Position15>
        <Filename Value="equilibriumdiagram.pas"/>
        <Caret Line="168" Column="1" TopLine="143"/>
      </Position15>
      <Position16>
        <Filename Value="equilibriumdiagram.pas"/>
        <Caret Line="166" Column="1" TopLine="143"/>
      </Position16>
      <Position17>
        <Filename Value="equilibriumdiagram.pas"/>
        <Caret Line="167" Column="1" TopLine="143"/>
      </Position17>
      <Position18>
        <Filename Value="simulator.pas"/>
        <Caret Line="262" Column="1" TopLine="243"/>
      </Position18>
      <Position19>
        <Filename Value="equilibriumdiagram.pas"/>
        <Caret Line="168" Column="1" TopLine="143"/>
      </Position19>
      <Position20>
        <Filename Value="equilibriumdiagram.pas"/>
        <Caret Line="219" Column="1" TopLine="201"/>
      </Position20>
      <Position21>
        <Filename Value="equilibriumdiagram.pas"/>
        <Caret Line="107" Column="40" TopLine="94"/>
      </Position21>
      <Position22>
        <Filename Value="equilibriumdiagram.pas"/>
        <Caret Line="115" Column="1" TopLine="94"/>
      </Position22>
      <Position23>
        <Filename Value="equilibriumdiagram.pas"/>
        <Caret Line="116" Column="1" TopLine="94"/>
      </Position23>
      <Position24>
        <Filename Value="equilibriumdiagram.pas"/>
        <Caret Line="118" Column="1" TopLine="94"/>
      </Position24>
      <Position25>
        <Filename Value="equilibriumdiagram.pas"/>
        <Caret Line="119" Column="1" TopLine="94"/>
      </Position25>
      <Position26>
        <Filename Value="simulator.pas"/>
        <Caret Line="216" Column="1" TopLine="196"/>
      </Position26>
      <Position27>
        <Filename Value="simulator.pas"/>
        <Caret Line="217" Column="1" TopLine="196"/>
      </Position27>
      <Position28>
        <Filename Value="equilibriumdiagram.pas"/>
        <Caret Line="178" Column="28" TopLine="166"/>
      </Position28>
      <Position29>
        <Filename Value="equilibriumdiagram.pas"/>
        <Caret Line="265" Column="27" TopLine="239"/>
      </Position29>
      <Position30>
        <Filename Value="equilibriumdiagram.pas"/>
        <Caret Line="348" Column="1" TopLine="329"/>
      </Position30>
    </JumpHistory>
  </ProjectOptions>
  <CompilerOptions>
    <Version Value="11"/>
    <SearchPaths>
      <IncludeFiles Value="$(ProjOutDir)"/>
    </SearchPaths>
    <Conditionals Value="if TargetOS = 'darwin' then
begin
  UsageCustomOptions += ' -k-macosx_version_min -k10.4';
  UsageCustomOptions += ' -XR/Developer/SDKs/MacOSX10.4u.sdk/';
end;"/>
    <CodeGeneration>
      <SmartLinkUnit Value="True"/>
      <Checks>
        <IOChecks Value="True"/>
        <RangeChecks Value="True"/>
        <OverflowChecks Value="True"/>
        <StackChecks Value="True"/>
      </Checks>
      <VerifyObjMethodCallValidity Value="True"/>
    </CodeGeneration>
    <Linking>
      <Debugging>
        <StripSymbols Value="True"/>
      </Debugging>
      <LinkSmart Value="True"/>
      <Options>
        <Win32>
          <GraphicApplication Value="True"/>
        </Win32>
      </Options>
    </Linking>
    <Other>
      <CompilerMessages>
        <UseMsgFile Value="True"/>
      </CompilerMessages>
      <CustomOptions Value="-k-macosx_version_min -k10.4
-XR/Developer/SDKs/MacOSX10.4u.sdk/"/>
      <CompilerPath Value="$(CompPath)"/>
    </Other>
  </CompilerOptions>
  <Debugging>
    <Watches Count="4">
      <Item1>
        <Expression Value="InputVector"/>
      </Item1>
      <Item2>
        <Expression Value="FT4Vector"/>
      </Item2>
      <Item3>
        <Expression Value="T3zVector"/>
      </Item3>
      <Item4>
        <Expression Value="T3z"/>
      </Item4>
    </Watches>
    <Exceptions Count="3">
      <Item1>
        <Name Value="EAbort"/>
      </Item1>
      <Item2>
        <Name Value="ECodetoolError"/>
      </Item2>
      <Item3>
        <Name Value="EFOpenError"/>
      </Item3>
    </Exceptions>
  </Debugging>
  <EditorMacros Count="0"/>
</CONFIG>
